
Microsoft Visual Studio Solution File, Format Version 12.00
# Visual Studio Version 17
VisualStudioVersion = 17.2.32519.379
MinimumVisualStudioVersion = 10.0.40219.1
Project("{FAE04EC0-301F-11D3-BF4B-00C04F79EFBC}") = "WebAPISecurity", "WebAPISecurity.csproj", "{2FA1F3D7-70BD-414C-8187-E188EE38020A}"
EndProject
Global
	GlobalSection(SolutionConfigurationPlatforms) = preSolution
		Debug|Any CPU = Debug|Any CPU
		Release|Any CPU = Release|Any CPU
	EndGlobalSection
	GlobalSection(ProjectConfigurationPlatforms) = postSolution
		{2FA1F3D7-70BD-414C-8187-E188EE38020A}.Debug|Any CPU.ActiveCfg = Debug|Any CPU
		{2FA1F3D7-70BD-414C-8187-E188EE38020A}.Debug|Any CPU.Build.0 = Debug|Any CPU
		{2FA1F3D7-70BD-414C-8187-E188EE38020A}.Release|Any CPU.ActiveCfg = Release|Any CPU
		{2FA1F3D7-70BD-414C-8187-E188EE38020A}.Release|Any CPU.Build.0 = Release|Any CPU
	EndGlobalSection
	GlobalSection(SolutionProperties) = preSolution
		HideSolutionNode = FALSE
	EndGlobalSection
	GlobalSection(ExtensibilityGlobals) = postSolution
		SolutionGuid = {D2EDC2EB-D966-4F67-B4F7-53F43AC1D7B2}
	EndGlobalSection
EndGlobal
